// !$*UTF8*$!
{
	archiveVersion = 1;
	classes = {
	};
	objectVersion = 46;
	objects = {

/* Begin PBXBuildFile section */
		38697B6D1CC5E241002AAC88 /* main.m in Sources */ = {isa = PBXBuildFile; fileRef = 38697B6C1CC5E241002AAC88 /* main.m */; };
		38697B701CC5E241002AAC88 /* AppDelegate.m in Sources */ = {isa = PBXBuildFile; fileRef = 38697B6F1CC5E241002AAC88 /* AppDelegate.m */; };
		38697B731CC5E241002AAC88 /* ViewController.m in Sources */ = {isa = PBXBuildFile; fileRef = 38697B721CC5E241002AAC88 /* ViewController.m */; };
		38697B781CC5E241002AAC88 /* Assets.xcassets in Resources */ = {isa = PBXBuildFile; fileRef = 38697B771CC5E241002AAC88 /* Assets.xcassets */; };
		38697B861CC5E241002AAC88 /* SolveDemoTests.m in Sources */ = {isa = PBXBuildFile; fileRef = 38697B851CC5E241002AAC88 /* SolveDemoTests.m */; };
		38697B911CC5E241002AAC88 /* SolveDemoUITests.m in Sources */ = {isa = PBXBuildFile; fileRef = 38697B901CC5E241002AAC88 /* SolveDemoUITests.m */; };
		38697BA01CC621D8002AAC88 /* LYJTabBarVc.m in Sources */ = {isa = PBXBuildFile; fileRef = 38697B9F1CC621D8002AAC88 /* LYJTabBarVc.m */; };
		38697BA71CC628AA002AAC88 /* LYJEssenceVC.m in Sources */ = {isa = PBXBuildFile; fileRef = 38697BA61CC628AA002AAC88 /* LYJEssenceVC.m */; };
		38697BAA1CC628B7002AAC88 /* LYJNewVC.m in Sources */ = {isa = PBXBuildFile; fileRef = 38697BA91CC628B7002AAC88 /* LYJNewVC.m */; };
		38697BAD1CC628D4002AAC88 /* LYJFriendTrendsVC.m in Sources */ = {isa = PBXBuildFile; fileRef = 38697BAC1CC628D4002AAC88 /* LYJFriendTrendsVC.m */; };
		38697BB01CC628F2002AAC88 /* LYJMeVC.m in Sources */ = {isa = PBXBuildFile; fileRef = 38697BAF1CC628F2002AAC88 /* LYJMeVC.m */; };
		38697BB51CC63D00002AAC88 /* UIView+Extension.m in Sources */ = {isa = PBXBuildFile; fileRef = 38697BB41CC63D00002AAC88 /* UIView+Extension.m */; };
		38697BB81CC63F30002AAC88 /* LYJTabBar.m in Sources */ = {isa = PBXBuildFile; fileRef = 38697BB71CC63F30002AAC88 /* LYJTabBar.m */; };
/* End PBXBuildFile section */

/* Begin PBXContainerItemProxy section */
		38697B821CC5E241002AAC88 /* PBXContainerItemProxy */ = {
			isa = PBXContainerItemProxy;
			containerPortal = 38697B601CC5E241002AAC88 /* Project object */;
			proxyType = 1;
			remoteGlobalIDString = 38697B671CC5E241002AAC88;
			remoteInfo = SolveDemo;
		};
		38697B8D1CC5E241002AAC88 /* PBXContainerItemProxy */ = {
			isa = PBXContainerItemProxy;
			containerPortal = 38697B601CC5E241002AAC88 /* Project object */;
			proxyType = 1;
			remoteGlobalIDString = 38697B671CC5E241002AAC88;
			remoteInfo = SolveDemo;
		};
/* End PBXContainerItemProxy section */

/* Begin PBXFileReference section */
		38697B681CC5E241002AAC88 /* SolveDemo.app */ = {isa = PBXFileReference; explicitFileType = wrapper.application; includeInIndex = 0; path = SolveDemo.app; sourceTree = BUILT_PRODUCTS_DIR; };
		38697B6C1CC5E241002AAC88 /* main.m */ = {isa = PBXFileReference; lastKnownFileType = sourcecode.c.objc; path = main.m; sourceTree = "<group>"; };
		38697B6E1CC5E241002AAC88 /* AppDelegate.h */ = {isa = PBXFileReference; lastKnownFileType = sourcecode.c.h; path = AppDelegate.h; sourceTree = "<group>"; };
		38697B6F1CC5E241002AAC88 /* AppDelegate.m */ = {isa = PBXFileReference; lastKnownFileType = sourcecode.c.objc; path = AppDelegate.m; sourceTree = "<group>"; };
		38697B711CC5E241002AAC88 /* ViewController.h */ = {isa = PBXFileReference; lastKnownFileType = sourcecode.c.h; path = ViewController.h; sourceTree = "<group>"; };
		38697B721CC5E241002AAC88 /* ViewController.m */ = {isa = PBXFileReference; lastKnownFileType = sourcecode.c.objc; path = ViewController.m; sourceTree = "<group>"; };
		38697B771CC5E241002AAC88 /* Assets.xcassets */ = {isa = PBXFileReference; lastKnownFileType = folder.assetcatalog; path = Assets.xcassets; sourceTree = "<group>"; };
		38697B7C1CC5E241002AAC88 /* Info.plist */ = {isa = PBXFileReference; lastKnownFileType = text.plist.xml; path = Info.plist; sourceTree = "<group>"; };
		38697B811CC5E241002AAC88 /* SolveDemoTests.xctest */ = {isa = PBXFileReference; explicitFileType = wrapper.cfbundle; includeInIndex = 0; path = SolveDemoTests.xctest; sourceTree = BUILT_PRODUCTS_DIR; };
		38697B851CC5E241002AAC88 /* SolveDemoTests.m */ = {isa = PBXFileReference; lastKnownFileType = sourcecode.c.objc; path = SolveDemoTests.m; sourceTree = "<group>"; };
		38697B871CC5E241002AAC88 /* Info.plist */ = {isa = PBXFileReference; lastKnownFileType = text.plist.xml; path = Info.plist; sourceTree = "<group>"; };
		38697B8C1CC5E241002AAC88 /* SolveDemoUITests.xctest */ = {isa = PBXFileReference; explicitFileType = wrapper.cfbundle; includeInIndex = 0; path = SolveDemoUITests.xctest; sourceTree = BUILT_PRODUCTS_DIR; };
		38697B901CC5E241002AAC88 /* SolveDemoUITests.m */ = {isa = PBXFileReference; lastKnownFileType = sourcecode.c.objc; path = SolveDemoUITests.m; sourceTree = "<group>"; };
		38697B921CC5E241002AAC88 /* Info.plist */ = {isa = PBXFileReference; lastKnownFileType = text.plist.xml; path = Info.plist; sourceTree = "<group>"; };
		38697B9E1CC621D8002AAC88 /* LYJTabBarVc.h */ = {isa = PBXFileReference; fileEncoding = 4; lastKnownFileType = sourcecode.c.h; path = LYJTabBarVc.h; sourceTree = "<group>"; };
		38697B9F1CC621D8002AAC88 /* LYJTabBarVc.m */ = {isa = PBXFileReference; fileEncoding = 4; lastKnownFileType = sourcecode.c.objc; path = LYJTabBarVc.m; sourceTree = "<group>"; };
		38697BA51CC628AA002AAC88 /* LYJEssenceVC.h */ = {isa = PBXFileReference; fileEncoding = 4; lastKnownFileType = sourcecode.c.h; path = LYJEssenceVC.h; sourceTree = "<group>"; };
		38697BA61CC628AA002AAC88 /* LYJEssenceVC.m */ = {isa = PBXFileReference; fileEncoding = 4; lastKnownFileType = sourcecode.c.objc; path = LYJEssenceVC.m; sourceTree = "<group>"; };
		38697BA81CC628B7002AAC88 /* LYJNewVC.h */ = {isa = PBXFileReference; fileEncoding = 4; lastKnownFileType = sourcecode.c.h; path = LYJNewVC.h; sourceTree = "<group>"; };
		38697BA91CC628B7002AAC88 /* LYJNewVC.m */ = {isa = PBXFileReference; fileEncoding = 4; lastKnownFileType = sourcecode.c.objc; path = LYJNewVC.m; sourceTree = "<group>"; };
		38697BAB1CC628D4002AAC88 /* LYJFriendTrendsVC.h */ = {isa = PBXFileReference; fileEncoding = 4; lastKnownFileType = sourcecode.c.h; path = LYJFriendTrendsVC.h; sourceTree = "<group>"; };
		38697BAC1CC628D4002AAC88 /* LYJFriendTrendsVC.m */ = {isa = PBXFileReference; fileEncoding = 4; lastKnownFileType = sourcecode.c.objc; path = LYJFriendTrendsVC.m; sourceTree = "<group>"; };
		38697BAE1CC628F2002AAC88 /* LYJMeVC.h */ = {isa = PBXFileReference; fileEncoding = 4; lastKnownFileType = sourcecode.c.h; path = LYJMeVC.h; sourceTree = "<group>"; };
		38697BAF1CC628F2002AAC88 /* LYJMeVC.m */ = {isa = PBXFileReference; fileEncoding = 4; lastKnownFileType = sourcecode.c.objc; path = LYJMeVC.m; sourceTree = "<group>"; };
		38697BB11CC63C57002AAC88 /* PrefixHeader.pch */ = {isa = PBXFileReference; lastKnownFileType = sourcecode.c.h; path = PrefixHeader.pch; sourceTree = "<group>"; };
		38697BB31CC63D00002AAC88 /* UIView+Extension.h */ = {isa = PBXFileReference; fileEncoding = 4; lastKnownFileType = sourcecode.c.h; path = "UIView+Extension.h"; sourceTree = "<group>"; };
		38697BB41CC63D00002AAC88 /* UIView+Extension.m */ = {isa = PBXFileReference; fileEncoding = 4; lastKnownFileType = sourcecode.c.objc; path = "UIView+Extension.m"; sourceTree = "<group>"; };
		38697BB61CC63F30002AAC88 /* LYJTabBar.h */ = {isa = PBXFileReference; fileEncoding = 4; lastKnownFileType = sourcecode.c.h; path = LYJTabBar.h; sourceTree = "<group>"; };
		38697BB71CC63F30002AAC88 /* LYJTabBar.m */ = {isa = PBXFileReference; fileEncoding = 4; lastKnownFileType = sourcecode.c.objc; path = LYJTabBar.m; sourceTree = "<group>"; };
/* End PBXFileReference section */

/* Begin PBXFrameworksBuildPhase section */
		38697B651CC5E241002AAC88 /* Frameworks */ = {
			isa = PBXFrameworksBuildPhase;
			buildActionMask = 2147483647;
			files = (
			);
			runOnlyForDeploymentPostprocessing = 0;
		};
		38697B7E1CC5E241002AAC88 /* Frameworks */ = {
			isa = PBXFrameworksBuildPhase;
			buildActionMask = 2147483647;
			files = (
			);
			runOnlyForDeploymentPostprocessing = 0;
		};
		38697B891CC5E241002AAC88 /* Frameworks */ = {
			isa = PBXFrameworksBuildPhase;
			buildActionMask = 2147483647;
			files = (
			);
			runOnlyForDeploymentPostprocessing = 0;
		};
/* End PBXFrameworksBuildPhase section */

/* Begin PBXGroup section */
		38697B5F1CC5E241002AAC88 = {
			isa = PBXGroup;
			children = (
				38697B6A1CC5E241002AAC88 /* SolveDemo */,
				38697B841CC5E241002AAC88 /* SolveDemoTests */,
				38697B8F1CC5E241002AAC88 /* SolveDemoUITests */,
				38697B691CC5E241002AAC88 /* Products */,
			);
			sourceTree = "<group>";
		};
		38697B691CC5E241002AAC88 /* Products */ = {
			isa = PBXGroup;
			children = (
				38697B681CC5E241002AAC88 /* SolveDemo.app */,
				38697B811CC5E241002AAC88 /* SolveDemoTests.xctest */,
				38697B8C1CC5E241002AAC88 /* SolveDemoUITests.xctest */,
			);
			name = Products;
			sourceTree = "<group>";
		};
		38697B6A1CC5E241002AAC88 /* SolveDemo */ = {
			isa = PBXGroup;
			children = (
				38697BB21CC63CA3002AAC88 /* Categories */,
				38697B6E1CC5E241002AAC88 /* AppDelegate.h */,
				38697B6F1CC5E241002AAC88 /* AppDelegate.m */,
				38697B711CC5E241002AAC88 /* ViewController.h */,
				38697B721CC5E241002AAC88 /* ViewController.m */,
				38697B9E1CC621D8002AAC88 /* LYJTabBarVc.h */,
				38697B9F1CC621D8002AAC88 /* LYJTabBarVc.m */,
				38697BB61CC63F30002AAC88 /* LYJTabBar.h */,
				38697BB71CC63F30002AAC88 /* LYJTabBar.m */,
				38697BB11CC63C57002AAC88 /* PrefixHeader.pch */,
				38697BA11CC6285B002AAC88 /* Essence */,
				38697BA41CC62868002AAC88 /* New */,
				38697BA21CC62868002AAC88 /* FriendTrends */,
				38697BA31CC62868002AAC88 /* Me */,
				38697B6B1CC5E241002AAC88 /* Supporting Files */,
			);
			path = SolveDemo;
			sourceTree = "<group>";
		};
		38697B6B1CC5E241002AAC88 /* Supporting Files */ = {
			isa = PBXGroup;
			children = (
				38697B6C1CC5E241002AAC88 /* main.m */,
				38697B771CC5E241002AAC88 /* Assets.xcassets */,
				38697B7C1CC5E241002AAC88 /* Info.plist */,
			);
			name = "Supporting Files";
			sourceTree = "<group>";
		};
		38697B841CC5E241002AAC88 /* SolveDemoTests */ = {
			isa = PBXGroup;
			children = (
				38697B851CC5E241002AAC88 /* SolveDemoTests.m */,
				38697B871CC5E241002AAC88 /* Info.plist */,
			);
			path = SolveDemoTests;
			sourceTree = "<group>";
		};
		38697B8F1CC5E241002AAC88 /* SolveDemoUITests */ = {
			isa = PBXGroup;
			children = (
				38697B901CC5E241002AAC88 /* SolveDemoUITests.m */,
				38697B921CC5E241002AAC88 /* Info.plist */,
			);
			path = SolveDemoUITests;
			sourceTree = "<group>";
		};
		38697BA11CC6285B002AAC88 /* Essence */ = {
			isa = PBXGroup;
			children = (
				38697BA51CC628AA002AAC88 /* LYJEssenceVC.h */,
				38697BA61CC628AA002AAC88 /* LYJEssenceVC.m */,
			);
			path = Essence;
			sourceTree = "<group>";
		};
		38697BA21CC62868002AAC88 /* FriendTrends */ = {
			isa = PBXGroup;
			children = (
				38697BAB1CC628D4002AAC88 /* LYJFriendTrendsVC.h */,
				38697BAC1CC628D4002AAC88 /* LYJFriendTrendsVC.m */,
			);
			path = FriendTrends;
			sourceTree = "<group>";
		};
		38697BA31CC62868002AAC88 /* Me */ = {
			isa = PBXGroup;
			children = (
				38697BAE1CC628F2002AAC88 /* LYJMeVC.h */,
				38697BAF1CC628F2002AAC88 /* LYJMeVC.m */,
			);
			path = Me;
			sourceTree = "<group>";
		};
		38697BA41CC62868002AAC88 /* New */ = {
			isa = PBXGroup;
			children = (
				38697BA81CC628B7002AAC88 /* LYJNewVC.h */,
				38697BA91CC628B7002AAC88 /* LYJNewVC.m */,
			);
			path = New;
			sourceTree = "<group>";
		};
		38697BB21CC63CA3002AAC88 /* Categories */ = {
			isa = PBXGroup;
			children = (
				38697BB31CC63D00002AAC88 /* UIView+Extension.h */,
				38697BB41CC63D00002AAC88 /* UIView+Extension.m */,
			);
			path = Categories;
			sourceTree = "<group>";
		};
/* End PBXGroup section */

/* Begin PBXNativeTarget section */
		38697B671CC5E241002AAC88 /* SolveDemo */ = {
			isa = PBXNativeTarget;
			buildConfigurationList = 38697B951CC5E241002AAC88 /* Build configuration list for PBXNativeTarget "SolveDemo" */;
			buildPhases = (
				38697B641CC5E241002AAC88 /* Sources */,
				38697B651CC5E241002AAC88 /* Frameworks */,
				38697B661CC5E241002AAC88 /* Resources */,
			);
			buildRules = (
			);
			dependencies = (
			);
			name = SolveDemo;
			productName = SolveDemo;
			productReference = 38697B681CC5E241002AAC88 /* SolveDemo.app */;
			productType = "com.apple.product-type.application";
		};
		38697B801CC5E241002AAC88 /* SolveDemoTests */ = {
			isa = PBXNativeTarget;
			buildConfigurationList = 38697B981CC5E241002AAC88 /* Build configuration list for PBXNativeTarget "SolveDemoTests" */;
			buildPhases = (
				38697B7D1CC5E241002AAC88 /* Sources */,
				38697B7E1CC5E241002AAC88 /* Frameworks */,
				38697B7F1CC5E241002AAC88 /* Resources */,
			);
			buildRules = (
			);
			dependencies = (
				38697B831CC5E241002AAC88 /* PBXTargetDependency */,
			);
			name = SolveDemoTests;
			productName = SolveDemoTests;
			productReference = 38697B811CC5E241002AAC88 /* SolveDemoTests.xctest */;
			productType = "com.apple.product-type.bundle.unit-test";
		};
		38697B8B1CC5E241002AAC88 /* SolveDemoUITests */ = {
			isa = PBXNativeTarget;
			buildConfigurationList = 38697B9B1CC5E241002AAC88 /* Build configuration list for PBXNativeTarget "SolveDemoUITests" */;
			buildPhases = (
				38697B881CC5E241002AAC88 /* Sources */,
				38697B891CC5E241002AAC88 /* Frameworks */,
				38697B8A1CC5E241002AAC88 /* Resources */,
			);
			buildRules = (
			);
			dependencies = (
				38697B8E1CC5E241002AAC88 /* PBXTargetDependency */,
			);
			name = SolveDemoUITests;
			productName = SolveDemoUITests;
			productReference = 38697B8C1CC5E241002AAC88 /* SolveDemoUITests.xctest */;
			productType = "com.apple.product-type.bundle.ui-testing";
		};
/* End PBXNativeTarget section */

/* Begin PBXProject section */
		38697B601CC5E241002AAC88 /* Project object */ = {
			isa = PBXProject;
			attributes = {
				CLASSPREFIX = LYJ;
				LastUpgradeCheck = 0720;
				ORGANIZATIONNAME = hyp;
				TargetAttributes = {
					38697B671CC5E241002AAC88 = {
						CreatedOnToolsVersion = 7.2;
						DevelopmentTeam = J943KNG9S8;
					};
					38697B801CC5E241002AAC88 = {
						CreatedOnToolsVersion = 7.2;
						TestTargetID = 38697B671CC5E241002AAC88;
					};
					38697B8B1CC5E241002AAC88 = {
						CreatedOnToolsVersion = 7.2;
						TestTargetID = 38697B671CC5E241002AAC88;
					};
				};
			};
			buildConfigurationList = 38697B631CC5E241002AAC88 /* Build configuration list for PBXProject "SolveDemo" */;
			compatibilityVersion = "Xcode 3.2";
			developmentRegion = English;
			hasScannedForEncodings = 0;
			knownRegions = (
				en,
				Base,
			);
			mainGroup = 38697B5F1CC5E241002AAC88;
			productRefGroup = 38697B691CC5E241002AAC88 /* Products */;
			projectDirPath = "";
			projectRoot = "";
			targets = (
				38697B671CC5E241002AAC88 /* SolveDemo */,
				38697B801CC5E241002AAC88 /* SolveDemoTests */,
				38697B8B1CC5E241002AAC88 /* SolveDemoUITests */,
			);
		};
/* End PBXProject section */

/* Begin PBXResourcesBuildPhase section */
		38697B661CC5E241002AAC88 /* Resources */ = {
			isa = PBXResourcesBuildPhase;
			buildActionMask = 2147483647;
			files = (
				38697B781CC5E241002AAC88 /* Assets.xcassets in Resources */,
			);
			runOnlyForDeploymentPostprocessing = 0;
		};
		38697B7F1CC5E241002AAC88 /* Resources */ = {
			isa = PBXResourcesBuildPhase;
			buildActionMask = 2147483647;
			files = (
			);
			runOnlyForDeploymentPostprocessing = 0;
		};
		38697B8A1CC5E241002AAC88 /* Resources */ = {
			isa = PBXResourcesBuildPhase;
			buildActionMask = 2147483647;
			files = (
			);
			runOnlyForDeploymentPostprocessing = 0;
		};
/* End PBXResourcesBuildPhase section */

/* Begin PBXSourcesBuildPhase section */
		38697B641CC5E241002AAC88 /* Sources */ = {
			isa = PBXSourcesBuildPhase;
			buildActionMask = 2147483647;
			files = (
				38697BB51CC63D00002AAC88 /* UIView+Extension.m in Sources */,
				38697BA71CC628AA002AAC88 /* LYJEssenceVC.m in Sources */,
				38697BAA1CC628B7002AAC88 /* LYJNewVC.m in Sources */,
				38697BAD1CC628D4002AAC88 /* LYJFriendTrendsVC.m in Sources */,
				38697BA01CC621D8002AAC88 /* LYJTabBarVc.m in Sources */,
				38697BB81CC63F30002AAC88 /* LYJTabBar.m in Sources */,
				38697B731CC5E241002AAC88 /* ViewController.m in Sources */,
				38697B701CC5E241002AAC88 /* AppDelegate.m in Sources */,
				38697BB01CC628F2002AAC88 /* LYJMeVC.m in Sources */,
				38697B6D1CC5E241002AAC88 /* main.m in Sources */,
			);
			runOnlyForDeploymentPostprocessing = 0;
		};
		38697B7D1CC5E241002AAC88 /* Sources */ = {
			isa = PBXSourcesBuildPhase;
			buildActionMask = 2147483647;
			files = (
				38697B861CC5E241002AAC88 /* SolveDemoTests.m in Sources */,
			);
			runOnlyForDeploymentPostprocessing = 0;
		};
		38697B881CC5E241002AAC88 /* Sources */ = {
			isa = PBXSourcesBuildPhase;
			buildActionMask = 2147483647;
			files = (
				38697B911CC5E241002AAC88 /* SolveDemoUITests.m in Sources */,
			);
			runOnlyForDeploymentPostprocessing = 0;
		};
/* End PBXSourcesBuildPhase section */

/* Begin PBXTargetDependency section */
		38697B831CC5E241002AAC88 /* PBXTargetDependency */ = {
			isa = PBXTargetDependency;
			target = 38697B671CC5E241002AAC88 /* SolveDemo */;
			targetProxy = 38697B821CC5E241002AAC88 /* PBXContainerItemProxy */;
		};
		38697B8E1CC5E241002AAC88 /* PBXTargetDependency */ = {
			isa = PBXTargetDependency;
			target = 38697B671CC5E241002AAC88 /* SolveDemo */;
			targetProxy = 38697B8D1CC5E241002AAC88 /* PBXContainerItemProxy */;
		};
/* End PBXTargetDependency section */

/* Begin XCBuildConfiguration section */
		38697B931CC5E241002AAC88 /* Debug */ = {
			isa = XCBuildConfiguration;
			buildSettings = {
				ALWAYS_SEARCH_USER_PATHS = NO;
				CLANG_CXX_LANGUAGE_STANDARD = "gnu++0x";
				CLANG_CXX_LIBRARY = "libc++";
				CLANG_ENABLE_MODULES = YES;
				CLANG_ENABLE_OBJC_ARC = YES;
				CLANG_WARN_BOOL_CONVERSION = YES;
				CLANG_WARN_CONSTANT_CONVERSION = YES;
				CLANG_WARN_DIRECT_OBJC_ISA_USAGE = YES_ERROR;
				CLANG_WARN_EMPTY_BODY = YES;
				CLANG_WARN_ENUM_CONVERSION = YES;
				CLANG_WARN_INT_CONVERSION = YES;
				CLANG_WARN_OBJC_ROOT_CLASS = YES_ERROR;
				CLANG_WARN_UNREACHABLE_CODE = YES;
				CLANG_WARN__DUPLICATE_METHOD_MATCH = YES;
				"CODE_SIGN_IDENTITY[sdk=iphoneos*]" = "iPhone Developer";
				COPY_PHASE_STRIP = NO;
				DEBUG_INFORMATION_FORMAT = dwarf;
				ENABLE_STRICT_OBJC_MSGSEND = YES;
				ENABLE_TESTABILITY = YES;
				GCC_C_LANGUAGE_STANDARD = gnu99;
				GCC_DYNAMIC_NO_PIC = NO;
				GCC_NO_COMMON_BLOCKS = YES;
				GCC_OPTIMIZATION_LEVEL = 0;
				GCC_PREPROCESSOR_DEFINITIONS = (
					"DEBUG=1",
					"$(inherited)",
				);
				GCC_WARN_64_TO_32_BIT_CONVERSION = YES;
				GCC_WARN_ABOUT_RETURN_TYPE = YES_ERROR;
				GCC_WARN_UNDECLARED_SELECTOR = YES;
				GCC_WARN_UNINITIALIZED_AUTOS = YES_AGGRESSIVE;
				GCC_WARN_UNUSED_FUNCTION = YES;
				GCC_WARN_UNUSED_VARIABLE = YES;
				IPHONEOS_DEPLOYMENT_TARGET = 9.2;
				MTL_ENABLE_DEBUG_INFO = YES;
				ONLY_ACTIVE_ARCH = YES;
				SDKROOT = iphoneos;
			};
			name = Debug;
		};
		38697B941CC5E241002AAC88 /* Release */ = {
			isa = XCBuildConfiguration;
			buildSettings = {
				ALWAYS_SEARCH_USER_PATHS = NO;
				CLANG_CXX_LANGUAGE_STANDARD = "gnu++0x";
				CLANG_CXX_LIBRARY = "libc++";
				CLANG_ENABLE_MODULES = YES;
				CLANG_ENABLE_OBJC_ARC = YES;
				CLANG_WARN_BOOL_CONVERSION = YES;
				CLANG_WARN_CONSTANT_CONVERSION = YES;
				CLANG_WARN_DIRECT_OBJC_ISA_USAGE = YES_ERROR;
				CLANG_WARN_EMPTY_BODY = YES;
				CLANG_WARN_ENUM_CONVERSION = YES;
				CLANG_WARN_INT_CONVERSION = YES;
				CLANG_WARN_OBJC_ROOT_CLASS = YES_ERROR;
				CLANG_WARN_UNREACHABLE_CODE = YES;
				CLANG_WARN__DUPLICATE_METHOD_MATCH = YES;
				"CODE_SIGN_IDENTITY[sdk=iphoneos*]" = "iPhone Developer";
				COPY_PHASE_STRIP = NO;
				DEBUG_INFORMATION_FORMAT = "dwarf-with-dsym";
				ENABLE_NS_ASSERTIONS = NO;
				ENABLE_STRICT_OBJC_MSGSEND = YES;
				GCC_C_LANGUAGE_STANDARD = gnu99;
				GCC_NO_COMMON_BLOCKS = YES;
				GCC_WARN_64_TO_32_BIT_CONVERSION = YES;
				GCC_WARN_ABOUT_RETURN_TYPE = YES_ERROR;
				GCC_WARN_UNDECLARED_SELECTOR = YES;
				GCC_WARN_UNINITIALIZED_AUTOS = YES_AGGRESSIVE;
				GCC_WARN_UNUSED_FUNCTION = YES;
				GCC_WARN_UNUSED_VARIABLE = YES;
				IPHONEOS_DEPLOYMENT_TARGET = 9.2;
				MTL_ENABLE_DEBUG_INFO = NO;
				SDKROOT = iphoneos;
				VALIDATE_PRODUCT = YES;
			};
			name = Release;
		};
		38697B961CC5E241002AAC88 /* Debug */ = {
			isa = XCBuildConfiguration;
			buildSettings = {
				ASSETCATALOG_COMPILER_APPICON_NAME = AppIcon;
				ASSETCATALOG_COMPILER_LAUNCHIMAGE_NAME = "Brand Assets";
				CODE_SIGN_IDENTITY = "iPhone Developer";
				"CODE_SIGN_IDENTITY[sdk=iphoneos*]" = "iPhone Developer";
				GCC_PREFIX_HEADER = "$(SRCROOT)/SolveDemo/PrefixHeader.pch";
				INFOPLIST_FILE = SolveDemo/Info.plist;
				IPHONEOS_DEPLOYMENT_TARGET = 7.0;
				LD_RUNPATH_SEARCH_PATHS = "$(inherited) @executable_path/Frameworks";
				PRODUCT_BUNDLE_IDENTIFIER = hyp.SolveDemo;
				PRODUCT_NAME = "$(TARGET_NAME)";
				PROVISIONING_PROFILE = "";
			};
			name = Debug;
		};
		38697B971CC5E241002AAC88 /* Release */ = {
			isa = XCBuildConfiguration;
			buildSettings = {
				ASSETCATALOG_COMPILER_APPICON_NAME = AppIcon;
				ASSETCATALOG_COMPILER_LAUNCHIMAGE_NAME = "Brand Assets";
				CODE_SIGN_IDENTITY = "iPhone Developer";
				"CODE_SIGN_IDENTITY[sdk=iphoneos*]" = "iPhone Developer";
				GCC_PREFIX_HEADER = "$(SRCROOT)/SolveDemo/PrefixHeader.pch";
				INFOPLIST_FILE = SolveDemo/Info.plist;
				IPHONEOS_DEPLOYMENT_TARGET = 7.0;
				LD_RUNPATH_SEARCH_PATHS = "$(inherited) @executable_path/Frameworks";
				PRODUCT_BUNDLE_IDENTIFIER = hyp.SolveDemo;
				PRODUCT_NAME = "$(TARGET_NAME)";
				PROVISIONING_PROFILE = "";
			};
			name = Release;
		};
		38697B991CC5E241002AAC88 /* Debug */ = {
			isa = XCBuildConfiguration;
			buildSettings = {
				BUNDLE_LOADER = "$(TEST_HOST)";
				INFOPLIST_FILE = SolveDemoTests/Info.plist;
				LD_RUNPATH_SEARCH_PATHS = "$(inherited) @executable_path/Frameworks @loader_path/Frameworks";
				PRODUCT_BUNDLE_IDENTIFIER = hyp.SolveDemoTests;
				PRODUCT_NAME = "$(TARGET_NAME)";
				TEST_HOST = "$(BUILT_PRODUCTS_DIR)/SolveDemo.app/SolveDemo";
			};
			name = Debug;
		};
		38697B9A1CC5E241002AAC88 /* Release */ = {
			isa = XCBuildConfiguration;
			buildSettings = {
				BUNDLE_LOADER = "$(TEST_HOST)";
				INFOPLIST_FILE = SolveDemoTests/Info.plist;
				LD_RUNPATH_SEARCH_PATHS = "$(inherited) @executable_path/Frameworks @loader_path/Frameworks";
				PRODUCT_BUNDLE_IDENTIFIER = hyp.SolveDemoTests;
				PRODUCT_NAME = "$(TARGET_NAME)";
				TEST_HOST = "$(BUILT_PRODUCTS_DIR)/SolveDemo.app/SolveDemo";
			};
			name = Release;
		};
		38697B9C1CC5E241002AAC88 /* Debug */ = {
			isa = XCBuildConfiguration;
			buildSettings = {
				INFOPLIST_FILE = SolveDemoUITests/Info.plist;
				LD_RUNPATH_SEARCH_PATHS = "$(inherited) @executable_path/Frameworks @loader_path/Frameworks";
				PRODUCT_BUNDLE_IDENTIFIER = hyp.SolveDemoUITests;
				PRODUCT_NAME = "$(TARGET_NAME)";
				TEST_TARGET_NAME = SolveDemo;
				USES_XCTRUNNER = YES;
			};
			name = Debug;
		};
		38697B9D1CC5E241002AAC88 /* Release */ = {
			isa = XCBuildConfiguration;
			buildSettings = {
				INFOPLIST_FILE = SolveDemoUITests/Info.plist;
				LD_RUNPATH_SEARCH_PATHS = "$(inherited) @executable_path/Frameworks @loader_path/Frameworks";
				PRODUCT_BUNDLE_IDENTIFIER = hyp.SolveDemoUITests;
				PRODUCT_NAME = "$(TARGET_NAME)";
				TEST_TARGET_NAME = SolveDemo;
				USES_XCTRUNNER = YES;
			};
			name = Release;
		};
/* End XCBuildConfiguration section */

/* Begin XCConfigurationList section */
		38697B631CC5E241002AAC88 /* Build configuration list for PBXProject "SolveDemo" */ = {
			isa = XCConfigurationList;
			buildConfigurations = (
				38697B931CC5E241002AAC88 /* Debug */,
				38697B941CC5E241002AAC88 /* Release */,
			);
			defaultConfigurationIsVisible = 0;
			defaultConfigurationName = Release;
		};
		38697B951CC5E241002AAC88 /* Build configuration list for PBXNativeTarget "SolveDemo" */ = {
			isa = XCConfigurationList;
			buildConfigurations = (
				38697B961CC5E241002AAC88 /* Debug */,
				38697B971CC5E241002AAC88 /* Release */,
			);
			defaultConfigurationIsVisible = 0;
			defaultConfigurationName = Release;
		};
		38697B981CC5E241002AAC88 /* Build configuration list for PBXNativeTarget "SolveDemoTests" */ = {
			isa = XCConfigurationList;
			buildConfigurations = (
				38697B991CC5E241002AAC88 /* Debug */,
				38697B9A1CC5E241002AAC88 /* Release */,
			);
			defaultConfigurationIsVisible = 0;
			defaultConfigurationName = Release;
		};
		38697B9B1CC5E241002AAC88 /* Build configuration list for PBXNativeTarget "SolveDemoUITests" */ = {
			isa = XCConfigurationList;
			buildConfigurations = (
				38697B9C1CC5E241002AAC88 /* Debug */,
				38697B9D1CC5E241002AAC88 /* Release */,
			);
			defaultConfigurationIsVisible = 0;
			defaultConfigurationName = Release;
		};
/* End XCConfigurationList section */
	};
	rootObject = 38697B601CC5E241002AAC88 /* Project object */;
}
